
Microsoft Visual Studio Solution File, Format Version 12.00
# Visual Studio Version 17
VisualStudioVersion = 17.14.36408.4
MinimumVisualStudioVersion = 10.0.40219.1
Project("{FAE04EC0-301F-11D3-BF4B-00C04F79EFBC}") = "Engine", "BotEngine\Engine.csproj", "{14F73B12-AEFA-4F13-BE1C-81A1E5198D43}"
EndProject
Project("{FAE04EC0-301F-11D3-BF4B-00C04F79EFBC}") = "Test", "Test\Test.csproj", "{794B5C2E-D401-4D48-A628-88B6D8BE99D7}"
EndProject
Global
	GlobalSection(SolutionConfigurationPlatforms) = preSolution
		Debug|Any CPU = Debug|Any CPU
		Release|Any CPU = Release|Any CPU
	EndGlobalSection
	GlobalSection(ProjectConfigurationPlatforms) = postSolution
		{14F73B12-AEFA-4F13-BE1C-81A1E5198D43}.Debug|Any CPU.ActiveCfg = Debug|Any CPU
		{14F73B12-AEFA-4F13-BE1C-81A1E5198D43}.Debug|Any CPU.Build.0 = Debug|Any CPU
		{14F73B12-AEFA-4F13-BE1C-81A1E5198D43}.Release|Any CPU.ActiveCfg = Release|Any CPU
		{14F73B12-AEFA-4F13-BE1C-81A1E5198D43}.Release|Any CPU.Build.0 = Release|Any CPU
		{794B5C2E-D401-4D48-A628-88B6D8BE99D7}.Debug|Any CPU.ActiveCfg = Debug|Any CPU
		{794B5C2E-D401-4D48-A628-88B6D8BE99D7}.Debug|Any CPU.Build.0 = Debug|Any CPU
		{794B5C2E-D401-4D48-A628-88B6D8BE99D7}.Release|Any CPU.ActiveCfg = Release|Any CPU
		{794B5C2E-D401-4D48-A628-88B6D8BE99D7}.Release|Any CPU.Build.0 = Release|Any CPU
	EndGlobalSection
	GlobalSection(SolutionProperties) = preSolution
		HideSolutionNode = FALSE
	EndGlobalSection
	GlobalSection(ExtensibilityGlobals) = postSolution
		SolutionGuid = {A486CC8C-7FA0-4B2E-B3D3-6937A00928F6}
	EndGlobalSection
EndGlobal
